
Microsoft Visual Studio Solution File, Format Version 12.00
# Visual Studio Version 16
VisualStudioVersion = 16.0.31005.135
MinimumVisualStudioVersion = 10.0.40219.1
Project("{9A19103F-16F7-4668-BE54-9A1E7A4F7556}") = "Lesson1", "ConsoleApp3\Lesson1.csproj", "{CFFD5784-A22B-4E3C-95A8-BFBDB76BA674}"
EndProject
Project("{9A19103F-16F7-4668-BE54-9A1E7A4F7556}") = "Lesson2", "Lesson2\Lesson2.csproj", "{E44CD10C-522D-4546-BF69-744D22F4954C}"
EndProject
Project("{FAE04EC0-301F-11D3-BF4B-00C04F79EFBC}") = "Lesson3", "Lesson3\Lesson3.csproj", "{32008085-4D3F-4C8D-8246-0F709B561184}"
EndProject
Global
	GlobalSection(SolutionConfigurationPlatforms) = preSolution
		Debug|Any CPU = Debug|Any CPU
		Release|Any CPU = Release|Any CPU
	EndGlobalSection
	GlobalSection(ProjectConfigurationPlatforms) = postSolution
		{CFFD5784-A22B-4E3C-95A8-BFBDB76BA674}.Debug|Any CPU.ActiveCfg = Debug|Any CPU
		{CFFD5784-A22B-4E3C-95A8-BFBDB76BA674}.Debug|Any CPU.Build.0 = Debug|Any CPU
		{CFFD5784-A22B-4E3C-95A8-BFBDB76BA674}.Release|Any CPU.ActiveCfg = Release|Any CPU
		{CFFD5784-A22B-4E3C-95A8-BFBDB76BA674}.Release|Any CPU.Build.0 = Release|Any CPU
		{E44CD10C-522D-4546-BF69-744D22F4954C}.Debug|Any CPU.ActiveCfg = Debug|Any CPU
		{E44CD10C-522D-4546-BF69-744D22F4954C}.Debug|Any CPU.Build.0 = Debug|Any CPU
		{E44CD10C-522D-4546-BF69-744D22F4954C}.Release|Any CPU.ActiveCfg = Release|Any CPU
		{E44CD10C-522D-4546-BF69-744D22F4954C}.Release|Any CPU.Build.0 = Release|Any CPU
		{32008085-4D3F-4C8D-8246-0F709B561184}.Debug|Any CPU.ActiveCfg = Debug|Any CPU
		{32008085-4D3F-4C8D-8246-0F709B561184}.Debug|Any CPU.Build.0 = Debug|Any CPU
		{32008085-4D3F-4C8D-8246-0F709B561184}.Release|Any CPU.ActiveCfg = Release|Any CPU
		{32008085-4D3F-4C8D-8246-0F709B561184}.Release|Any CPU.Build.0 = Release|Any CPU
	EndGlobalSection
	GlobalSection(SolutionProperties) = preSolution
		HideSolutionNode = FALSE
	EndGlobalSection
	GlobalSection(ExtensibilityGlobals) = postSolution
		SolutionGuid = {DEAE9344-DC19-4853-9B2B-C5AC59CD8FC9}
	EndGlobalSection
EndGlobal
